<?xml version="1.0"?>
<CONFIG>
  <ProjectOptions>
    <Version Value="9"/>
    <General>
      <MainUnit Value="0"/>
      <ResourceType Value="res"/>
      <UseXPManifest Value="True"/>
      <Icon Value="0"/>
      <ActiveWindowIndexAtStart Value="0"/>
    </General>
    <i18n>
      <EnableI18N LFM="False"/>
    </i18n>
    <VersionInfo>
      <StringTable ProductVersion=""/>
    </VersionInfo>
    <BuildModes Count="1" Active="Default">
      <Item1 Name="Default" Default="True"/>
    </BuildModes>
    <PublishOptions>
      <Version Value="2"/>
      <IncludeFileFilter Value="*.(pas|pp|inc|lfm|lpr|lrs|lpi|lpk|sh|xml)"/>
      <ExcludeFileFilter Value="*.(bak|ppu|o|so);*~;backup"/>
    </PublishOptions>
    <RunParams>
      <local>
        <FormatVersion Value="1"/>
      </local>
    </RunParams>
    <RequiredPackages Count="5">
      <Item1>
        <PackageName Value="virtualtreeview_package"/>
      </Item1>
      <Item2>
        <PackageName Value="FCL"/>
      </Item2>
      <Item3>
        <PackageName Value="zcomponent"/>
      </Item3>
      <Item4>
        <PackageName Value="SQLDBLaz"/>
        <MinVersion Major="1" Release="1" Valid="True"/>
      </Item4>
      <Item5>
        <PackageName Value="LCL"/>
      </Item5>
    </RequiredPackages>
    <Units Count="14">
      <Unit0>
        <Filename Value="SysGym.lpr"/>
        <IsPartOfProject Value="True"/>
        <UnitName Value="SysGym"/>
        <EditorIndex Value="0"/>
        <WindowIndex Value="0"/>
        <TopLine Value="8"/>
        <CursorPos X="13" Y="18"/>
        <UsageCount Value="45"/>
        <Loaded Value="True"/>
      </Unit0>
      <Unit1>
        <Filename Value="main.pas"/>
        <IsPartOfProject Value="True"/>
        <ComponentName Value="form_main"/>
        <HasResources Value="True"/>
        <ResourceBaseClass Value="Form"/>
        <UnitName Value="main"/>
        <WindowIndex Value="0"/>
        <TopLine Value="19"/>
        <CursorPos X="24" Y="27"/>
        <UsageCount Value="45"/>
      </Unit1>
      <Unit2>
        <Filename Value="main.lfm"/>
        <WindowIndex Value="0"/>
        <TopLine Value="1"/>
        <CursorPos X="1" Y="1"/>
        <UsageCount Value="8"/>
        <DefaultSyntaxHighlighter Value="LFM"/>
      </Unit2>
      <Unit3>
        <Filename Value="login.pas"/>
        <IsPartOfProject Value="True"/>
        <ComponentName Value="form_login"/>
        <HasResources Value="True"/>
        <ResourceBaseClass Value="Form"/>
        <UnitName Value="login"/>
        <WindowIndex Value="0"/>
        <TopLine Value="28"/>
        <CursorPos X="4" Y="42"/>
        <ComponentState Value="1"/>
        <UsageCount Value="45"/>
      </Unit3>
      <Unit4>
        <Filename Value="/usr/lib/lazarus/0.9.30.4/lcl/include/control.inc"/>
        <WindowIndex Value="0"/>
        <TopLine Value="3181"/>
        <CursorPos X="1" Y="3192"/>
        <UsageCount Value="8"/>
      </Unit4>
      <Unit5>
        <Filename Value="conexiones.pas"/>
        <IsPartOfProject Value="True"/>
        <ComponentName Value="modulo_conexiones"/>
        <HasResources Value="True"/>
        <ResourceBaseClass Value="DataModule"/>
        <UnitName Value="conexiones"/>
        <WindowIndex Value="0"/>
        <TopLine Value="1"/>
        <CursorPos X="34" Y="18"/>
        <UsageCount Value="45"/>
      </Unit5>
      <Unit6>
        <Filename Value="modulo_datos.pas"/>
        <IsPartOfProject Value="True"/>
        <ComponentName Value="modulos_datos_m"/>
        <HasResources Value="True"/>
        <ResourceBaseClass Value="DataModule"/>
        <UnitName Value="modulo_datos"/>
        <WindowIndex Value="0"/>
        <TopLine Value="1"/>
        <CursorPos X="52" Y="8"/>
        <UsageCount Value="45"/>
      </Unit6>
      <Unit7>
        <Filename Value="lib/zeosdbo/src/component/ZAbstractRODataset.pas"/>
        <UnitName Value="ZAbstractRODataset"/>
        <WindowIndex Value="0"/>
        <TopLine Value="829"/>
        <CursorPos X="1" Y="840"/>
        <UsageCount Value="10"/>
        <DefaultSyntaxHighlighter Value="Delphi"/>
      </Unit7>
      <Unit8>
        <Filename Value="/usr/share/lazarus/1.0.6/lcl/include/customform.inc"/>
        <WindowIndex Value="0"/>
        <TopLine Value="2175"/>
        <CursorPos X="1" Y="2186"/>
        <UsageCount Value="9"/>
      </Unit8>
      <Unit9>
        <Filename Value="maquinaria.pas"/>
        <IsPartOfProject Value="True"/>
        <ComponentName Value="form_maquina"/>
        <HasResources Value="True"/>
        <ResourceBaseClass Value="Form"/>
        <UnitName Value="maquinaria"/>
        <IsVisibleTab Value="True"/>
        <EditorIndex Value="1"/>
        <WindowIndex Value="0"/>
        <TopLine Value="67"/>
        <CursorPos X="35" Y="70"/>
        <UsageCount Value="41"/>
        <Loaded Value="True"/>
        <LoadedDesigner Value="True"/>
      </Unit9>
      <Unit10>
        <Filename Value="lib/zeosdbo/src/component/ZAbstractDataset.pas"/>
        <UnitName Value="ZAbstractDataset"/>
        <WindowIndex Value="0"/>
        <TopLine Value="378"/>
        <CursorPos X="99" Y="387"/>
        <UsageCount Value="8"/>
        <DefaultSyntaxHighlighter Value="Delphi"/>
      </Unit10>
      <Unit11>
        <Filename Value="../SySGyM/libs/trunk/src/dbc/ZDbcMySqlUtils.pas"/>
        <UnitName Value="ZDbcMySqlUtils"/>
        <WindowIndex Value="0"/>
        <TopLine Value="422"/>
        <CursorPos X="18" Y="442"/>
        <UsageCount Value="15"/>
        <DefaultSyntaxHighlighter Value="Delphi"/>
      </Unit11>
      <Unit12>
        <Filename Value="../SySGyM/libs/trunk/src/dbc/ZDbcCache.pas"/>
        <UnitName Value="ZDbcCache"/>
        <WindowIndex Value="0"/>
        <TopLine Value="308"/>
        <CursorPos X="1" Y="319"/>
        <UsageCount Value="8"/>
        <DefaultSyntaxHighlighter Value="Delphi"/>
      </Unit12>
      <Unit13>
        <Filename Value="categorias.pas"/>
        <IsPartOfProject Value="True"/>
        <ComponentName Value="Form1"/>
        <ResourceBaseClass Value="Form"/>
        <UnitName Value="categorias"/>
        <WindowIndex Value="0"/>
        <TopLine Value="65"/>
        <CursorPos X="6" Y="82"/>
        <UsageCount Value="36"/>
      </Unit13>
    </Units>
    <JumpHistory Count="30" HistoryIndex="29">
      <Position1>
        <Filename Value="maquinaria.pas"/>
        <Caret Line="95" Column="48" TopLine="85"/>
      </Position1>
      <Position2>
        <Filename Value="maquinaria.pas"/>
        <Caret Line="104" Column="11" TopLine="87"/>
      </Position2>
      <Position3>
        <Filename Value="maquinaria.pas"/>
        <Caret Line="91" Column="125" TopLine="87"/>
      </Position3>
      <Position4>
        <Filename Value="maquinaria.pas"/>
        <Caret Line="95" Column="66" TopLine="84"/>
      </Position4>
      <Position5>
        <Filename Value="maquinaria.pas"/>
        <Caret Line="68" Column="75" TopLine="61"/>
      </Position5>
      <Position6>
        <Filename Value="maquinaria.pas"/>
        <Caret Line="69" Column="75" TopLine="62"/>
      </Position6>
      <Position7>
        <Filename Value="maquinaria.pas"/>
        <Caret Line="68" Column="75" TopLine="57"/>
      </Position7>
      <Position8>
        <Filename Value="maquinaria.pas"/>
        <Caret Line="69" Column="87" TopLine="57"/>
      </Position8>
      <Position9>
        <Filename Value="maquinaria.pas"/>
        <Caret Line="70" Column="87" TopLine="58"/>
      </Position9>
      <Position10>
        <Filename Value="maquinaria.pas"/>
        <Caret Line="69" Column="87" TopLine="57"/>
      </Position10>
      <Position11>
        <Filename Value="maquinaria.pas"/>
        <Caret Line="65" Column="121" TopLine="84"/>
      </Position11>
      <Position12>
        <Filename Value="maquinaria.pas"/>
        <Caret Line="66" Column="121" TopLine="66"/>
      </Position12>
      <Position13>
        <Filename Value="maquinaria.pas"/>
        <Caret Line="75" Column="3" TopLine="73"/>
      </Position13>
      <Position14>
        <Filename Value="maquinaria.pas"/>
        <Caret Line="74" Column="3" TopLine="72"/>
      </Position14>
      <Position15>
        <Filename Value="maquinaria.pas"/>
        <Caret Line="73" Column="3" TopLine="71"/>
      </Position15>
      <Position16>
        <Filename Value="maquinaria.pas"/>
        <Caret Line="72" Column="3" TopLine="70"/>
      </Position16>
      <Position17>
        <Filename Value="maquinaria.pas"/>
        <Caret Line="73" Column="3" TopLine="71"/>
      </Position17>
      <Position18>
        <Filename Value="maquinaria.pas"/>
        <Caret Line="74" Column="3" TopLine="72"/>
      </Position18>
      <Position19>
        <Filename Value="maquinaria.pas"/>
        <Caret Line="75" Column="3" TopLine="73"/>
      </Position19>
      <Position20>
        <Filename Value="maquinaria.pas"/>
        <Caret Line="76" Column="3" TopLine="74"/>
      </Position20>
      <Position21>
        <Filename Value="maquinaria.pas"/>
        <Caret Line="75" Column="3" TopLine="73"/>
      </Position21>
      <Position22>
        <Filename Value="maquinaria.pas"/>
        <Caret Line="74" Column="3" TopLine="72"/>
      </Position22>
      <Position23>
        <Filename Value="maquinaria.pas"/>
        <Caret Line="73" Column="3" TopLine="71"/>
      </Position23>
      <Position24>
        <Filename Value="maquinaria.pas"/>
        <Caret Line="72" Column="3" TopLine="70"/>
      </Position24>
      <Position25>
        <Filename Value="maquinaria.pas"/>
        <Caret Line="71" Column="3" TopLine="69"/>
      </Position25>
      <Position26>
        <Filename Value="maquinaria.pas"/>
        <Caret Line="70" Column="3" TopLine="68"/>
      </Position26>
      <Position27>
        <Filename Value="maquinaria.pas"/>
        <Caret Line="69" Column="3" TopLine="67"/>
      </Position27>
      <Position28>
        <Filename Value="maquinaria.pas"/>
        <Caret Line="70" Column="3" TopLine="68"/>
      </Position28>
      <Position29>
        <Filename Value="maquinaria.pas"/>
        <Caret Line="76" Column="3" TopLine="74"/>
      </Position29>
      <Position30>
        <Filename Value="maquinaria.pas"/>
        <Caret Line="104" Column="5" TopLine="95"/>
      </Position30>
    </JumpHistory>
  </ProjectOptions>
  <CompilerOptions>
    <Version Value="11"/>
    <Target>
      <Filename Value="SysGym"/>
    </Target>
    <SearchPaths>
      <IncludeFiles Value="$(ProjOutDir)"/>
      <UnitOutputDirectory Value="lib/$(TargetCPU)-$(TargetOS)"/>
    </SearchPaths>
    <Linking>
      <Options>
        <Win32>
          <GraphicApplication Value="True"/>
        </Win32>
      </Options>
    </Linking>
    <Other>
      <CompilerPath Value="$(CompPath)"/>
    </Other>
  </CompilerOptions>
  <Debugging>
    <Exceptions Count="3">
      <Item1>
        <Name Value="EAbort"/>
      </Item1>
      <Item2>
        <Name Value="ECodetoolError"/>
      </Item2>
      <Item3>
        <Name Value="EFOpenError"/>
      </Item3>
    </Exceptions>
  </Debugging>
</CONFIG>
